<?xml version="1.0" encoding="UTF-8" standalone="yes" ?>
<CodeBlocks_project_file>
	<FileVersion major="1" minor="6" />
	<Project>
		<Option title="galavantCodeblocks" />
		<Option pch_mode="2" />
		<Option compiler="gcc" />
		<Build>
			<Target title="Debug">
				<Option output="bin/Debug/galavantCodeblocks" prefix_auto="1" extension_auto="1" />
				<Option object_output="obj/Debug/" />
				<Option type="1" />
				<Option compiler="gcc" />
				<Compiler>
					<Add option="-g" />
					<Add directory="objectComponent" />
				</Compiler>
			</Target>
			<Target title="Release">
				<Option output="bin/Release/galavantCodeblocks" prefix_auto="1" extension_auto="1" />
				<Option object_output="obj/Release/" />
				<Option type="1" />
				<Option compiler="gcc" />
				<Compiler>
					<Add option="-O2" />
					<Add directory="objectComponent" />
				</Compiler>
				<Linker>
					<Add option="-s" />
				</Linker>
			</Target>
		</Build>
		<Compiler>
			<Add option="-Weffc++" />
			<Add option="-pedantic-errors" />
			<Add option="-pedantic" />
			<Add option="-std=c++11" />
			<Add option="-Wall" />
			<Add option="-fexceptions" />
		</Compiler>
		<Unit filename="../../main.cpp" />
		<Unit filename="../../objectComponent/Component.cpp" />
		<Unit filename="../../objectComponent/Component.hpp" />
		<Unit filename="../../objectComponent/ComponentTypes.hpp" />
		<Unit filename="../../objectComponent/Object.cpp" />
		<Unit filename="../../objectComponent/Object.hpp" />
		<Unit filename="../../objectComponent/ObjectID.hpp" />
		<Unit filename="../../objectComponent/ObjectType.cpp" />
		<Unit filename="../../objectComponent/ObjectType.hpp" />
		<Extensions>
			<code_completion />
			<debugger />
		</Extensions>
	</Project>
</CodeBlocks_project_file>
